
Microsoft Visual Studio Solution File, Format Version 12.00
# Visual Studio Version 16
VisualStudioVersion = 16.0.31829.152
MinimumVisualStudioVersion = 10.0.40219.1
Project("{9A19103F-16F7-4668-BE54-9A1E7A4F7556}") = "Cyber_Tool", "Cyber_Tool\Cyber_Tool.csproj", "{38E4F2CA-9B1E-4D43-9660-27512FD27D84}"
EndProject
Global
	GlobalSection(SolutionConfigurationPlatforms) = preSolution
		Debug|Any CPU = Debug|Any CPU
		Release|Any CPU = Release|Any CPU
	EndGlobalSection
	GlobalSection(ProjectConfigurationPlatforms) = postSolution
		{38E4F2CA-9B1E-4D43-9660-27512FD27D84}.Debug|Any CPU.ActiveCfg = Debug|Any CPU
		{38E4F2CA-9B1E-4D43-9660-27512FD27D84}.Debug|Any CPU.Build.0 = Debug|Any CPU
		{38E4F2CA-9B1E-4D43-9660-27512FD27D84}.Release|Any CPU.ActiveCfg = Release|Any CPU
		{38E4F2CA-9B1E-4D43-9660-27512FD27D84}.Release|Any CPU.Build.0 = Release|Any CPU
	EndGlobalSection
	GlobalSection(SolutionProperties) = preSolution
		HideSolutionNode = FALSE
	EndGlobalSection
	GlobalSection(ExtensibilityGlobals) = postSolution
		SolutionGuid = {A1A1F663-01CE-474A-82FD-9C5DD976B220}
	EndGlobalSection
EndGlobal
